
Microsoft Visual Studio Solution File, Format Version 12.00
Project("{FAE04EC0-301F-11D3-BF4B-00C04F79EFBC}") = "Matplan", "Matplan\Matplan.csproj", "{85CF4416-9674-4D9B-B8BF-6B7FA2918048}"
EndProject
Project("{2150E333-8FDC-42A3-9474-1A3956D46DE8}") = "Solution Items", "Solution Items", "{46FB0433-2100-4637-A219-3A01B49D3852}"
EndProject
Global
	GlobalSection(SolutionConfigurationPlatforms) = preSolution
		Debug|Any CPU = Debug|Any CPU
		Release|Any CPU = Release|Any CPU
	EndGlobalSection
	GlobalSection(ProjectConfigurationPlatforms) = postSolution
		{85CF4416-9674-4D9B-B8BF-6B7FA2918048}.Debug|Any CPU.ActiveCfg = Debug|Any CPU
		{85CF4416-9674-4D9B-B8BF-6B7FA2918048}.Debug|Any CPU.Build.0 = Debug|Any CPU
		{85CF4416-9674-4D9B-B8BF-6B7FA2918048}.Release|Any CPU.ActiveCfg = Release|Any CPU
		{85CF4416-9674-4D9B-B8BF-6B7FA2918048}.Release|Any CPU.Build.0 = Release|Any CPU
	EndGlobalSection
EndGlobal
